
Microsoft Visual Studio Solution File, Format Version 12.00
# Visual Studio Version 17
VisualStudioVersion = 17.2.32630.192
MinimumVisualStudioVersion = 10.0.40219.1
Project("{2150E333-8FDC-42A3-9474-1A3956D46DE8}") = "FrontEnd", "FrontEnd", "{436FF898-28A6-47F8-84A4-8271C935F1C1}"
EndProject
Project("{9A19103F-16F7-4668-BE54-9A1E7A4F7556}") = "Mango.Web", "FrontEnd\Mango.Web\Mango.Web.csproj", "{4DAB6D63-8A4E-4EAE-B467-4CC86578C92F}"
EndProject
Project("{2150E333-8FDC-42A3-9474-1A3956D46DE8}") = "Services", "Services", "{26E19BD8-BDE3-4B78-A733-A01D4CC6B38A}"
EndProject
Project("{9A19103F-16F7-4668-BE54-9A1E7A4F7556}") = "Mango.Services.ProductAPI", "Services\Mango.Services.ProductAPI\Mango.Services.ProductAPI.csproj", "{A165A2B4-2226-4CBA-BB1C-E5A013608C96}"
EndProject
Project("{9A19103F-16F7-4668-BE54-9A1E7A4F7556}") = "Mango.Services.CouponAPI", "Services\Mango.Services.CouponAPI\Mango.Services.CouponAPI.csproj", "{DA41CF70-65A0-4994-9A5D-034D03B61890}"
EndProject
Project("{9A19103F-16F7-4668-BE54-9A1E7A4F7556}") = "Mango.Services.Identity", "Services\Mango.Services.Identity\Mango.Services.Identity.csproj", "{50F305D4-D876-4392-BBD4-C07E02394125}"
EndProject
Project("{9A19103F-16F7-4668-BE54-9A1E7A4F7556}") = "Mango.Services.ShoppingCartAPI", "Services\Mango.Services.ShoppingCartAPI\Mango.Services.ShoppingCartAPI.csproj", "{D2516E3A-74FB-4FBD-8BB3-3C6690E67108}"
EndProject
Project("{9A19103F-16F7-4668-BE54-9A1E7A4F7556}") = "Mango.Services.OrderAPI", "Services\Mango.Services.OrderAPI\Mango.Services.OrderAPI.csproj", "{62EF5AF3-4CCE-493F-9B75-E69490F6101F}"
EndProject
Project("{2150E333-8FDC-42A3-9474-1A3956D46DE8}") = "Payments", "Payments", "{5EF427CB-1ED7-4DC2-A989-B65E49E1D83E}"
EndProject
Project("{FAE04EC0-301F-11D3-BF4B-00C04F79EFBC}") = "PaymentProcessor", "PaymentProcessor\PaymentProcessor.csproj", "{A545244B-6CB5-448D-B38F-62B030B97ADA}"
EndProject
Global
	GlobalSection(SolutionConfigurationPlatforms) = preSolution
		Debug|Any CPU = Debug|Any CPU
		Release|Any CPU = Release|Any CPU
	EndGlobalSection
	GlobalSection(ProjectConfigurationPlatforms) = postSolution
		{4DAB6D63-8A4E-4EAE-B467-4CC86578C92F}.Debug|Any CPU.ActiveCfg = Debug|Any CPU
		{4DAB6D63-8A4E-4EAE-B467-4CC86578C92F}.Debug|Any CPU.Build.0 = Debug|Any CPU
		{4DAB6D63-8A4E-4EAE-B467-4CC86578C92F}.Release|Any CPU.ActiveCfg = Release|Any CPU
		{4DAB6D63-8A4E-4EAE-B467-4CC86578C92F}.Release|Any CPU.Build.0 = Release|Any CPU
		{A165A2B4-2226-4CBA-BB1C-E5A013608C96}.Debug|Any CPU.ActiveCfg = Debug|Any CPU
		{A165A2B4-2226-4CBA-BB1C-E5A013608C96}.Debug|Any CPU.Build.0 = Debug|Any CPU
		{A165A2B4-2226-4CBA-BB1C-E5A013608C96}.Release|Any CPU.ActiveCfg = Release|Any CPU
		{A165A2B4-2226-4CBA-BB1C-E5A013608C96}.Release|Any CPU.Build.0 = Release|Any CPU
		{DA41CF70-65A0-4994-9A5D-034D03B61890}.Debug|Any CPU.ActiveCfg = Debug|Any CPU
		{DA41CF70-65A0-4994-9A5D-034D03B61890}.Debug|Any CPU.Build.0 = Debug|Any CPU
		{DA41CF70-65A0-4994-9A5D-034D03B61890}.Release|Any CPU.ActiveCfg = Release|Any CPU
		{DA41CF70-65A0-4994-9A5D-034D03B61890}.Release|Any CPU.Build.0 = Release|Any CPU
		{50F305D4-D876-4392-BBD4-C07E02394125}.Debug|Any CPU.ActiveCfg = Debug|Any CPU
		{50F305D4-D876-4392-BBD4-C07E02394125}.Debug|Any CPU.Build.0 = Debug|Any CPU
		{50F305D4-D876-4392-BBD4-C07E02394125}.Release|Any CPU.ActiveCfg = Release|Any CPU
		{50F305D4-D876-4392-BBD4-C07E02394125}.Release|Any CPU.Build.0 = Release|Any CPU
		{D2516E3A-74FB-4FBD-8BB3-3C6690E67108}.Debug|Any CPU.ActiveCfg = Debug|Any CPU
		{D2516E3A-74FB-4FBD-8BB3-3C6690E67108}.Debug|Any CPU.Build.0 = Debug|Any CPU
		{D2516E3A-74FB-4FBD-8BB3-3C6690E67108}.Release|Any CPU.ActiveCfg = Release|Any CPU
		{D2516E3A-74FB-4FBD-8BB3-3C6690E67108}.Release|Any CPU.Build.0 = Release|Any CPU
		{62EF5AF3-4CCE-493F-9B75-E69490F6101F}.Debug|Any CPU.ActiveCfg = Debug|Any CPU
		{62EF5AF3-4CCE-493F-9B75-E69490F6101F}.Debug|Any CPU.Build.0 = Debug|Any CPU
		{62EF5AF3-4CCE-493F-9B75-E69490F6101F}.Release|Any CPU.ActiveCfg = Release|Any CPU
		{62EF5AF3-4CCE-493F-9B75-E69490F6101F}.Release|Any CPU.Build.0 = Release|Any CPU
		{A545244B-6CB5-448D-B38F-62B030B97ADA}.Debug|Any CPU.ActiveCfg = Debug|Any CPU
		{A545244B-6CB5-448D-B38F-62B030B97ADA}.Debug|Any CPU.Build.0 = Debug|Any CPU
		{A545244B-6CB5-448D-B38F-62B030B97ADA}.Release|Any CPU.ActiveCfg = Release|Any CPU
		{A545244B-6CB5-448D-B38F-62B030B97ADA}.Release|Any CPU.Build.0 = Release|Any CPU
	EndGlobalSection
	GlobalSection(SolutionProperties) = preSolution
		HideSolutionNode = FALSE
	EndGlobalSection
	GlobalSection(NestedProjects) = preSolution
		{4DAB6D63-8A4E-4EAE-B467-4CC86578C92F} = {436FF898-28A6-47F8-84A4-8271C935F1C1}
		{A165A2B4-2226-4CBA-BB1C-E5A013608C96} = {26E19BD8-BDE3-4B78-A733-A01D4CC6B38A}
		{DA41CF70-65A0-4994-9A5D-034D03B61890} = {26E19BD8-BDE3-4B78-A733-A01D4CC6B38A}
		{50F305D4-D876-4392-BBD4-C07E02394125} = {26E19BD8-BDE3-4B78-A733-A01D4CC6B38A}
		{D2516E3A-74FB-4FBD-8BB3-3C6690E67108} = {26E19BD8-BDE3-4B78-A733-A01D4CC6B38A}
		{62EF5AF3-4CCE-493F-9B75-E69490F6101F} = {26E19BD8-BDE3-4B78-A733-A01D4CC6B38A}
		{A545244B-6CB5-448D-B38F-62B030B97ADA} = {5EF427CB-1ED7-4DC2-A989-B65E49E1D83E}
	EndGlobalSection
	GlobalSection(ExtensibilityGlobals) = postSolution
		SolutionGuid = {80BBD68B-0938-40A9-B0E8-E55C8F60152C}
	EndGlobalSection
EndGlobal
